
Microsoft Visual Studio Solution File, Format Version 12.00
# Visual Studio Version 17
VisualStudioVersion = 17.10.35027.167
MinimumVisualStudioVersion = 10.0.40219.1
Project("{FAE04EC0-301F-11D3-BF4B-00C04F79EFBC}") = "DPM225451_TranLeNguyen_Pattern01_ Abstract Factory Design Pattern", "DPM225451_TranLeNguyen_Pattern01_ Abstract Factory Design Pattern\DPM225451_TranLeNguyen_Pattern01_ Abstract Factory Design Pattern.csproj", "{415ED401-F50F-41EA-936D-902A998D5D4B}"
EndProject
Global
	GlobalSection(SolutionConfigurationPlatforms) = preSolution
		Debug|Any CPU = Debug|Any CPU
		Release|Any CPU = Release|Any CPU
	EndGlobalSection
	GlobalSection(ProjectConfigurationPlatforms) = postSolution
		{415ED401-F50F-41EA-936D-902A998D5D4B}.Debug|Any CPU.ActiveCfg = Debug|Any CPU
		{415ED401-F50F-41EA-936D-902A998D5D4B}.Debug|Any CPU.Build.0 = Debug|Any CPU
		{415ED401-F50F-41EA-936D-902A998D5D4B}.Release|Any CPU.ActiveCfg = Release|Any CPU
		{415ED401-F50F-41EA-936D-902A998D5D4B}.Release|Any CPU.Build.0 = Release|Any CPU
	EndGlobalSection
	GlobalSection(SolutionProperties) = preSolution
		HideSolutionNode = FALSE
	EndGlobalSection
	GlobalSection(ExtensibilityGlobals) = postSolution
		SolutionGuid = {6478D874-74E6-4411-8539-04D560109006}
	EndGlobalSection
EndGlobal
